
Microsoft Visual Studio Solution File, Format Version 12.00
# Visual Studio Version 17
VisualStudioVersion = 17.4.33122.133
MinimumVisualStudioVersion = 10.0.40219.1
Project("{FAE04EC0-301F-11D3-BF4B-00C04F79EFBC}") = "AW-MVC-uppgift-3", "AW-MVC-uppgift-3\AW-MVC-uppgift-3.csproj", "{A1F56E4C-57EF-4248-93BB-77E7BC76C171}"
EndProject
Global
	GlobalSection(SolutionConfigurationPlatforms) = preSolution
		Debug|Any CPU = Debug|Any CPU
		Release|Any CPU = Release|Any CPU
	EndGlobalSection
	GlobalSection(ProjectConfigurationPlatforms) = postSolution
		{A1F56E4C-57EF-4248-93BB-77E7BC76C171}.Debug|Any CPU.ActiveCfg = Debug|Any CPU
		{A1F56E4C-57EF-4248-93BB-77E7BC76C171}.Debug|Any CPU.Build.0 = Debug|Any CPU
		{A1F56E4C-57EF-4248-93BB-77E7BC76C171}.Release|Any CPU.ActiveCfg = Release|Any CPU
		{A1F56E4C-57EF-4248-93BB-77E7BC76C171}.Release|Any CPU.Build.0 = Release|Any CPU
	EndGlobalSection
	GlobalSection(SolutionProperties) = preSolution
		HideSolutionNode = FALSE
	EndGlobalSection
	GlobalSection(ExtensibilityGlobals) = postSolution
		SolutionGuid = {8132F1C3-5594-4B2E-A706-C5C7A31B86AB}
	EndGlobalSection
EndGlobal
